
Microsoft Visual Studio Solution File, Format Version 11.00
# Visual C++ Express 2010
Project("{8BC9CEB8-8B4A-11D0-8D11-00A0C91BC942}") = "kr1", "kr1\kr1.vcxproj", "{AADAEB17-A6EA-4CE5-BC26-88C20496D3EF}"
EndProject
Global
	GlobalSection(SolutionConfigurationPlatforms) = preSolution
		Debug|Win32 = Debug|Win32
		Release|Win32 = Release|Win32
	EndGlobalSection
	GlobalSection(ProjectConfigurationPlatforms) = postSolution
		{AADAEB17-A6EA-4CE5-BC26-88C20496D3EF}.Debug|Win32.ActiveCfg = Debug|Win32
		{AADAEB17-A6EA-4CE5-BC26-88C20496D3EF}.Debug|Win32.Build.0 = Debug|Win32
		{AADAEB17-A6EA-4CE5-BC26-88C20496D3EF}.Release|Win32.ActiveCfg = Release|Win32
		{AADAEB17-A6EA-4CE5-BC26-88C20496D3EF}.Release|Win32.Build.0 = Release|Win32
	EndGlobalSection
	GlobalSection(SolutionProperties) = preSolution
		HideSolutionNode = FALSE
	EndGlobalSection
EndGlobal
